
Microsoft Visual Studio Solution File, Format Version 12.00
# Visual Studio Version 17
VisualStudioVersion = 17.11.35327.3
MinimumVisualStudioVersion = 10.0.40219.1
Project("{FAE04EC0-301F-11D3-BF4B-00C04F79EFBC}") = "BookShop", "BookShop\BookShop.csproj", "{894B3188-8A91-4C9F-9F5D-3775865C878B}"
EndProject
Global
	GlobalSection(SolutionConfigurationPlatforms) = preSolution
		Debug|Any CPU = Debug|Any CPU
		Release|Any CPU = Release|Any CPU
	EndGlobalSection
	GlobalSection(ProjectConfigurationPlatforms) = postSolution
		{894B3188-8A91-4C9F-9F5D-3775865C878B}.Debug|Any CPU.ActiveCfg = Debug|Any CPU
		{894B3188-8A91-4C9F-9F5D-3775865C878B}.Debug|Any CPU.Build.0 = Debug|Any CPU
		{894B3188-8A91-4C9F-9F5D-3775865C878B}.Release|Any CPU.ActiveCfg = Release|Any CPU
		{894B3188-8A91-4C9F-9F5D-3775865C878B}.Release|Any CPU.Build.0 = Release|Any CPU
	EndGlobalSection
	GlobalSection(SolutionProperties) = preSolution
		HideSolutionNode = FALSE
	EndGlobalSection
	GlobalSection(ExtensibilityGlobals) = postSolution
		SolutionGuid = {E3865DEF-5B05-4078-936E-CE8F6F776396}
	EndGlobalSection
EndGlobal
